<?xml version="1.0" encoding="utf-8"?>
<Project ToolsVersion="4.0" xmlns="http://schemas.microsoft.com/developer/msbuild/2003">
  <ItemGroup>
    <Filter Include="源文件">
      <UniqueIdentifier>{4FC737F1-C7A5-4376-A066-2A32D752A2FF}</UniqueIdentifier>
      <Extensions>cpp;c;cc;cxx;def;odl;idl;hpj;bat;asm;asmx</Extensions>
    </Filter>
    <Filter Include="头文件">
      <UniqueIdentifier>{93995380-89BD-4b04-88EB-625FBE52EBFB}</UniqueIdentifier>
      <Extensions>h;hh;hpp;hxx;hm;inl;inc;ipp;xsd</Extensions>
    </Filter>
    <Filter Include="资源文件">
      <UniqueIdentifier>{67DA6AB6-F800-4c08-8B7A-83BB121AAD01}</UniqueIdentifier>
      <Extensions>rc;ico;cur;bmp;dlg;rc2;rct;bin;rgs;gif;jpg;jpeg;jpe;resx;tiff;tif;png;wav;mfcribbon-ms</Extensions>
    </Filter>
  </ItemGroup>
  <ItemGroup>
    <ClCompile Include="src\pch.cpp">
      <Filter>源文件</Filter>
    </ClCompile>
    <ClCompile Include="src\VO.cpp">
      <Filter>源文件</Filter>
    </ClCompile>
  </ItemGroup>
  <ItemGroup>
    <ClInclude Include="include\pch.h">
      <Filter>头文件</Filter>
    </ClInclude>
    <ClInclude Include="include\opencv\build\include\opencv2\calib3d\calib3d.hpp">
      <Filter>头文件</Filter>
    </ClInclude>
    <ClInclude Include="include\opencv\build\include\opencv2\calib3d\calib3d_c.h">
      <Filter>头文件</Filter>
    </ClInclude>
    <ClInclude Include="include\opencv\build\include\opencv2\core\cuda\detail\color_detail.hpp">
      <Filter>头文件</Filter>
    </ClInclude>
    <ClInclude Include="include\opencv\build\include\opencv2\core\cuda\detail\reduce.hpp">
      <Filter>头文件</Filter>
    </ClInclude>
    <ClInclude Include="include\opencv\build\include\opencv2\core\cuda\detail\reduce_key_val.hpp">
      <Filter>头文件</Filter>
    </ClInclude>
    <ClInclude Include="include\opencv\build\include\opencv2\core\cuda\detail\transform_detail.hpp">
      <Filter>头文件</Filter>
    </ClInclude>
    <ClInclude Include="include\opencv\build\include\opencv2\core\cuda\detail\type_traits_detail.hpp">
      <Filter>头文件</Filter>
    </ClInclude>
    <ClInclude Include="include\opencv\build\include\opencv2\core\cuda\detail\vec_distance_detail.hpp">
      <Filter>头文件</Filter>
    </ClInclude>
    <ClInclude Include="include\opencv\build\include\opencv2\core\cuda\block.hpp">
      <Filter>头文件</Filter>
    </ClInclude>
    <ClInclude Include="include\opencv\build\include\opencv2\core\cuda\border_interpolate.hpp">
      <Filter>头文件</Filter>
    </ClInclude>
    <ClInclude Include="include\opencv\build\include\opencv2\core\cuda\color.hpp">
      <Filter>头文件</Filter>
    </ClInclude>
    <ClInclude Include="include\opencv\build\include\opencv2\core\cuda\common.hpp">
      <Filter>头文件</Filter>
    </ClInclude>
    <ClInclude Include="include\opencv\build\include\opencv2\core\cuda\datamov_utils.hpp">
      <Filter>头文件</Filter>
    </ClInclude>
    <ClInclude Include="include\opencv\build\include\opencv2\core\cuda\dynamic_smem.hpp">
      <Filter>头文件</Filter>
    </ClInclude>
    <ClInclude Include="include\opencv\build\include\opencv2\core\cuda\emulation.hpp">
      <Filter>头文件</Filter>
    </ClInclude>
    <ClInclude Include="include\opencv\build\include\opencv2\core\cuda\filters.hpp">
      <Filter>头文件</Filter>
    </ClInclude>
    <ClInclude Include="include\opencv\build\include\opencv2\core\cuda\funcattrib.hpp">
      <Filter>头文件</Filter>
    </ClInclude>
    <ClInclude Include="include\opencv\build\include\opencv2\core\cuda\functional.hpp">
      <Filter>头文件</Filter>
    </ClInclude>
    <ClInclude Include="include\opencv\build\include\opencv2\core\cuda\limits.hpp">
      <Filter>头文件</Filter>
    </ClInclude>
    <ClInclude Include="include\opencv\build\include\opencv2\core\cuda\reduce.hpp">
      <Filter>头文件</Filter>
    </ClInclude>
    <ClInclude Include="include\opencv\build\include\opencv2\core\cuda\saturate_cast.hpp">
      <Filter>头文件</Filter>
    </ClInclude>
    <ClInclude Include="include\opencv\build\include\opencv2\core\cuda\scan.hpp">
      <Filter>头文件</Filter>
    </ClInclude>
    <ClInclude Include="include\opencv\build\include\opencv2\core\cuda\simd_functions.hpp">
      <Filter>头文件</Filter>
    </ClInclude>
    <ClInclude Include="include\opencv\build\include\opencv2\core\cuda\transform.hpp">
      <Filter>头文件</Filter>
    </ClInclude>
    <ClInclude Include="include\opencv\build\include\opencv2\core\cuda\type_traits.hpp">
      <Filter>头文件</Filter>
    </ClInclude>
    <ClInclude Include="include\opencv\build\include\opencv2\core\cuda\utility.hpp">
      <Filter>头文件</Filter>
    </ClInclude>
    <ClInclude Include="include\opencv\build\include\opencv2\core\cuda\vec_distance.hpp">
      <Filter>头文件</Filter>
    </ClInclude>
    <ClInclude Include="include\opencv\build\include\opencv2\core\cuda\vec_math.hpp">
      <Filter>头文件</Filter>
    </ClInclude>
    <ClInclude Include="include\opencv\build\include\opencv2\core\cuda\vec_traits.hpp">
      <Filter>头文件</Filter>
    </ClInclude>
    <ClInclude Include="include\opencv\build\include\opencv2\core\cuda\warp.hpp">
      <Filter>头文件</Filter>
    </ClInclude>
    <ClInclude Include="include\opencv\build\include\opencv2\core\cuda\warp_reduce.hpp">
      <Filter>头文件</Filter>
    </ClInclude>
    <ClInclude Include="include\opencv\build\include\opencv2\core\cuda\warp_shuffle.hpp">
      <Filter>头文件</Filter>
    </ClInclude>
    <ClInclude Include="include\opencv\build\include\opencv2\core\hal\hal.hpp">
      <Filter>头文件</Filter>
    </ClInclude>
    <ClInclude Include="include\opencv\build\include\opencv2\core\hal\interface.h">
      <Filter>头文件</Filter>
    </ClInclude>
    <ClInclude Include="include\opencv\build\include\opencv2\core\hal\intrin.hpp">
      <Filter>头文件</Filter>
    </ClInclude>
    <ClInclude Include="include\opencv\build\include\opencv2\core\hal\intrin_avx.hpp">
      <Filter>头文件</Filter>
    </ClInclude>
    <ClInclude Include="include\opencv\build\include\opencv2\core\hal\intrin_cpp.hpp">
      <Filter>头文件</Filter>
    </ClInclude>
    <ClInclude Include="include\opencv\build\include\opencv2\core\hal\intrin_neon.hpp">
      <Filter>头文件</Filter>
    </ClInclude>
    <ClInclude Include="include\opencv\build\include\opencv2\core\hal\intrin_sse.hpp">
      <Filter>头文件</Filter>
    </ClInclude>
    <ClInclude Include="include\opencv\build\include\opencv2\core\hal\intrin_vsx.hpp">
      <Filter>头文件</Filter>
    </ClInclude>
    <ClInclude Include="include\opencv\build\include\opencv2\core\opencl\runtime\autogenerated\opencl_clamdblas.hpp">
      <Filter>头文件</Filter>
    </ClInclude>
    <ClInclude Include="include\opencv\build\include\opencv2\core\opencl\runtime\autogenerated\opencl_clamdfft.hpp">
      <Filter>头文件</Filter>
    </ClInclude>
    <ClInclude Include="include\opencv\build\include\opencv2\core\opencl\runtime\autogenerated\opencl_core.hpp">
      <Filter>头文件</Filter>
    </ClInclude>
    <ClInclude Include="include\opencv\build\include\opencv2\core\opencl\runtime\autogenerated\opencl_core_wrappers.hpp">
      <Filter>头文件</Filter>
    </ClInclude>
    <ClInclude Include="include\opencv\build\include\opencv2\core\opencl\runtime\autogenerated\opencl_gl.hpp">
      <Filter>头文件</Filter>
    </ClInclude>
    <ClInclude Include="include\opencv\build\include\opencv2\core\opencl\runtime\autogenerated\opencl_gl_wrappers.hpp">
      <Filter>头文件</Filter>
    </ClInclude>
    <ClInclude Include="include\opencv\build\include\opencv2\core\opencl\runtime\opencl_clamdblas.hpp">
      <Filter>头文件</Filter>
    </ClInclude>
    <ClInclude Include="include\opencv\build\include\opencv2\core\opencl\runtime\opencl_clamdfft.hpp">
      <Filter>头文件</Filter>
    </ClInclude>
    <ClInclude Include="include\opencv\build\include\opencv2\core\opencl\runtime\opencl_core.hpp">
      <Filter>头文件</Filter>
    </ClInclude>
    <ClInclude Include="include\opencv\build\include\opencv2\core\opencl\runtime\opencl_core_wrappers.hpp">
      <Filter>头文件</Filter>
    </ClInclude>
    <ClInclude Include="include\opencv\build\include\opencv2\core\opencl\runtime\opencl_gl.hpp">
      <Filter>头文件</Filter>
    </ClInclude>
    <ClInclude Include="include\opencv\build\include\opencv2\core\opencl\runtime\opencl_gl_wrappers.hpp">
      <Filter>头文件</Filter>
    </ClInclude>
    <ClInclude Include="include\opencv\build\include\opencv2\core\opencl\runtime\opencl_svm_20.hpp">
      <Filter>头文件</Filter>
    </ClInclude>
    <ClInclude Include="include\opencv\build\include\opencv2\core\opencl\runtime\opencl_svm_definitions.hpp">
      <Filter>头文件</Filter>
    </ClInclude>
    <ClInclude Include="include\opencv\build\include\opencv2\core\opencl\runtime\opencl_svm_hsa_extension.hpp">
      <Filter>头文件</Filter>
    </ClInclude>
    <ClInclude Include="include\opencv\build\include\opencv2\core\opencl\ocl_defs.hpp">
      <Filter>头文件</Filter>
    </ClInclude>
    <ClInclude Include="include\opencv\build\include\opencv2\core\opencl\opencl_info.hpp">
      <Filter>头文件</Filter>
    </ClInclude>
    <ClInclude Include="include\opencv\build\include\opencv2\core\opencl\opencl_svm.hpp">
      <Filter>头文件</Filter>
    </ClInclude>
    <ClInclude Include="include\opencv\build\include\opencv2\core\utils\filesystem.hpp">
      <Filter>头文件</Filter>
    </ClInclude>
    <ClInclude Include="include\opencv\build\include\opencv2\core\utils\logger.defines.hpp">
      <Filter>头文件</Filter>
    </ClInclude>
    <ClInclude Include="include\opencv\build\include\opencv2\core\utils\logger.hpp">
      <Filter>头文件</Filter>
    </ClInclude>
    <ClInclude Include="include\opencv\build\include\opencv2\core\utils\trace.hpp">
      <Filter>头文件</Filter>
    </ClInclude>
    <ClInclude Include="include\opencv\build\include\opencv2\core\affine.hpp">
      <Filter>头文件</Filter>
    </ClInclude>
    <ClInclude Include="include\opencv\build\include\opencv2\core\base.hpp">
      <Filter>头文件</Filter>
    </ClInclude>
    <ClInclude Include="include\opencv\build\include\opencv2\core\bindings_utils.hpp">
      <Filter>头文件</Filter>
    </ClInclude>
    <ClInclude Include="include\opencv\build\include\opencv2\core\bufferpool.hpp">
      <Filter>头文件</Filter>
    </ClInclude>
    <ClInclude Include="include\opencv\build\include\opencv2\core\check.hpp">
      <Filter>头文件</Filter>
    </ClInclude>
    <ClInclude Include="include\opencv\build\include\opencv2\core\core.hpp">
      <Filter>头文件</Filter>
    </ClInclude>
    <ClInclude Include="include\opencv\build\include\opencv2\core\core_c.h">
      <Filter>头文件</Filter>
    </ClInclude>
    <ClInclude Include="include\opencv\build\include\opencv2\core\cuda.hpp">
      <Filter>头文件</Filter>
    </ClInclude>
    <ClInclude Include="include\opencv\build\include\opencv2\core\cuda.inl.hpp">
      <Filter>头文件</Filter>
    </ClInclude>
    <ClInclude Include="include\opencv\build\include\opencv2\core\cuda_stream_accessor.hpp">
      <Filter>头文件</Filter>
    </ClInclude>
    <ClInclude Include="include\opencv\build\include\opencv2\core\cuda_types.hpp">
      <Filter>头文件</Filter>
    </ClInclude>
    <ClInclude Include="include\opencv\build\include\opencv2\core\cv_cpu_dispatch.h">
      <Filter>头文件</Filter>
    </ClInclude>
    <ClInclude Include="include\opencv\build\include\opencv2\core\cv_cpu_helper.h">
      <Filter>头文件</Filter>
    </ClInclude>
    <ClInclude Include="include\opencv\build\include\opencv2\core\cvdef.h">
      <Filter>头文件</Filter>
    </ClInclude>
    <ClInclude Include="include\opencv\build\include\opencv2\core\cvstd.hpp">
      <Filter>头文件</Filter>
    </ClInclude>
    <ClInclude Include="include\opencv\build\include\opencv2\core\cvstd.inl.hpp">
      <Filter>头文件</Filter>
    </ClInclude>
    <ClInclude Include="include\opencv\build\include\opencv2\core\cvstd_wrapper.hpp">
      <Filter>头文件</Filter>
    </ClInclude>
    <ClInclude Include="include\opencv\build\include\opencv2\core\directx.hpp">
      <Filter>头文件</Filter>
    </ClInclude>
    <ClInclude Include="include\opencv\build\include\opencv2\core\eigen.hpp">
      <Filter>头文件</Filter>
    </ClInclude>
    <ClInclude Include="include\opencv\build\include\opencv2\core\fast_math.hpp">
      <Filter>头文件</Filter>
    </ClInclude>
    <ClInclude Include="include\opencv\build\include\opencv2\core\mat.hpp">
      <Filter>头文件</Filter>
    </ClInclude>
    <ClInclude Include="include\opencv\build\include\opencv2\core\mat.inl.hpp">
      <Filter>头文件</Filter>
    </ClInclude>
    <ClInclude Include="include\opencv\build\include\opencv2\core\matx.hpp">
      <Filter>头文件</Filter>
    </ClInclude>
    <ClInclude Include="include\opencv\build\include\opencv2\core\neon_utils.hpp">
      <Filter>头文件</Filter>
    </ClInclude>
    <ClInclude Include="include\opencv\build\include\opencv2\core\ocl.hpp">
      <Filter>头文件</Filter>
    </ClInclude>
    <ClInclude Include="include\opencv\build\include\opencv2\core\ocl_genbase.hpp">
      <Filter>头文件</Filter>
    </ClInclude>
    <ClInclude Include="include\opencv\build\include\opencv2\core\opengl.hpp">
      <Filter>头文件</Filter>
    </ClInclude>
    <ClInclude Include="include\opencv\build\include\opencv2\core\operations.hpp">
      <Filter>头文件</Filter>
    </ClInclude>
    <ClInclude Include="include\opencv\build\include\opencv2\core\optim.hpp">
      <Filter>头文件</Filter>
    </ClInclude>
    <ClInclude Include="include\opencv\build\include\opencv2\core\ovx.hpp">
      <Filter>头文件</Filter>
    </ClInclude>
    <ClInclude Include="include\opencv\build\include\opencv2\core\persistence.hpp">
      <Filter>头文件</Filter>
    </ClInclude>
    <ClInclude Include="include\opencv\build\include\opencv2\core\saturate.hpp">
      <Filter>头文件</Filter>
    </ClInclude>
    <ClInclude Include="include\opencv\build\include\opencv2\core\softfloat.hpp">
      <Filter>头文件</Filter>
    </ClInclude>
    <ClInclude Include="include\opencv\build\include\opencv2\core\sse_utils.hpp">
      <Filter>头文件</Filter>
    </ClInclude>
    <ClInclude Include="include\opencv\build\include\opencv2\core\traits.hpp">
      <Filter>头文件</Filter>
    </ClInclude>
    <ClInclude Include="include\opencv\build\include\opencv2\core\types.hpp">
      <Filter>头文件</Filter>
    </ClInclude>
    <ClInclude Include="include\opencv\build\include\opencv2\core\types_c.h">
      <Filter>头文件</Filter>
    </ClInclude>
    <ClInclude Include="include\opencv\build\include\opencv2\core\utility.hpp">
      <Filter>头文件</Filter>
    </ClInclude>
    <ClInclude Include="include\opencv\build\include\opencv2\core\va_intel.hpp">
      <Filter>头文件</Filter>
    </ClInclude>
    <ClInclude Include="include\opencv\build\include\opencv2\core\version.hpp">
      <Filter>头文件</Filter>
    </ClInclude>
    <ClInclude Include="include\opencv\build\include\opencv2\core\vsx_utils.hpp">
      <Filter>头文件</Filter>
    </ClInclude>
    <ClInclude Include="include\opencv\build\include\opencv2\dnn\all_layers.hpp">
      <Filter>头文件</Filter>
    </ClInclude>
    <ClInclude Include="include\opencv\build\include\opencv2\dnn\dict.hpp">
      <Filter>头文件</Filter>
    </ClInclude>
    <ClInclude Include="include\opencv\build\include\opencv2\dnn\dnn.hpp">
      <Filter>头文件</Filter>
    </ClInclude>
    <ClInclude Include="include\opencv\build\include\opencv2\dnn\dnn.inl.hpp">
      <Filter>头文件</Filter>
    </ClInclude>
    <ClInclude Include="include\opencv\build\include\opencv2\dnn\layer.details.hpp">
      <Filter>头文件</Filter>
    </ClInclude>
    <ClInclude Include="include\opencv\build\include\opencv2\dnn\layer.hpp">
      <Filter>头文件</Filter>
    </ClInclude>
    <ClInclude Include="include\opencv\build\include\opencv2\dnn\shape_utils.hpp">
      <Filter>头文件</Filter>
    </ClInclude>
    <ClInclude Include="include\opencv\build\include\opencv2\dnn\version.hpp">
      <Filter>头文件</Filter>
    </ClInclude>
    <ClInclude Include="include\opencv\build\include\opencv2\features2d\hal\interface.h">
      <Filter>头文件</Filter>
    </ClInclude>
    <ClInclude Include="include\opencv\build\include\opencv2\features2d\features2d.hpp">
      <Filter>头文件</Filter>
    </ClInclude>
    <ClInclude Include="include\opencv\build\include\opencv2\flann\all_indices.h">
      <Filter>头文件</Filter>
    </ClInclude>
    <ClInclude Include="include\opencv\build\include\opencv2\flann\allocator.h">
      <Filter>头文件</Filter>
    </ClInclude>
    <ClInclude Include="include\opencv\build\include\opencv2\flann\any.h">
      <Filter>头文件</Filter>
    </ClInclude>
    <ClInclude Include="include\opencv\build\include\opencv2\flann\autotuned_index.h">
      <Filter>头文件</Filter>
    </ClInclude>
    <ClInclude Include="include\opencv\build\include\opencv2\flann\composite_index.h">
      <Filter>头文件</Filter>
    </ClInclude>
    <ClInclude Include="include\opencv\build\include\opencv2\flann\config.h">
      <Filter>头文件</Filter>
    </ClInclude>
    <ClInclude Include="include\opencv\build\include\opencv2\flann\defines.h">
      <Filter>头文件</Filter>
    </ClInclude>
    <ClInclude Include="include\opencv\build\include\opencv2\flann\dist.h">
      <Filter>头文件</Filter>
    </ClInclude>
    <ClInclude Include="include\opencv\build\include\opencv2\flann\dummy.h">
      <Filter>头文件</Filter>
    </ClInclude>
    <ClInclude Include="include\opencv\build\include\opencv2\flann\dynamic_bitset.h">
      <Filter>头文件</Filter>
    </ClInclude>
    <ClInclude Include="include\opencv\build\include\opencv2\flann\flann.hpp">
      <Filter>头文件</Filter>
    </ClInclude>
    <ClInclude Include="include\opencv\build\include\opencv2\flann\flann_base.hpp">
      <Filter>头文件</Filter>
    </ClInclude>
    <ClInclude Include="include\opencv\build\include\opencv2\flann\general.h">
      <Filter>头文件</Filter>
    </ClInclude>
    <ClInclude Include="include\opencv\build\include\opencv2\flann\ground_truth.h">
      <Filter>头文件</Filter>
    </ClInclude>
    <ClInclude Include="include\opencv\build\include\opencv2\flann\hdf5.h">
      <Filter>头文件</Filter>
    </ClInclude>
    <ClInclude Include="include\opencv\build\include\opencv2\flann\heap.h">
      <Filter>头文件</Filter>
    </ClInclude>
    <ClInclude Include="include\opencv\build\include\opencv2\flann\hierarchical_clustering_index.h">
      <Filter>头文件</Filter>
    </ClInclude>
    <ClInclude Include="include\opencv\build\include\opencv2\flann\index_testing.h">
      <Filter>头文件</Filter>
    </ClInclude>
    <ClInclude Include="include\opencv\build\include\opencv2\flann\kdtree_index.h">
      <Filter>头文件</Filter>
    </ClInclude>
    <ClInclude Include="include\opencv\build\include\opencv2\flann\kdtree_single_index.h">
      <Filter>头文件</Filter>
    </ClInclude>
    <ClInclude Include="include\opencv\build\include\opencv2\flann\kmeans_index.h">
      <Filter>头文件</Filter>
    </ClInclude>
    <ClInclude Include="include\opencv\build\include\opencv2\flann\linear_index.h">
      <Filter>头文件</Filter>
    </ClInclude>
    <ClInclude Include="include\opencv\build\include\opencv2\flann\logger.h">
      <Filter>头文件</Filter>
    </ClInclude>
    <ClInclude Include="include\opencv\build\include\opencv2\flann\lsh_index.h">
      <Filter>头文件</Filter>
    </ClInclude>
    <ClInclude Include="include\opencv\build\include\opencv2\flann\lsh_table.h">
      <Filter>头文件</Filter>
    </ClInclude>
    <ClInclude Include="include\opencv\build\include\opencv2\flann\matrix.h">
      <Filter>头文件</Filter>
    </ClInclude>
    <ClInclude Include="include\opencv\build\include\opencv2\flann\miniflann.hpp">
      <Filter>头文件</Filter>
    </ClInclude>
    <ClInclude Include="include\opencv\build\include\opencv2\flann\nn_index.h">
      <Filter>头文件</Filter>
    </ClInclude>
    <ClInclude Include="include\opencv\build\include\opencv2\flann\object_factory.h">
      <Filter>头文件</Filter>
    </ClInclude>
    <ClInclude Include="include\opencv\build\include\opencv2\flann\params.h">
      <Filter>头文件</Filter>
    </ClInclude>
    <ClInclude Include="include\opencv\build\include\opencv2\flann\random.h">
      <Filter>头文件</Filter>
    </ClInclude>
    <ClInclude Include="include\opencv\build\include\opencv2\flann\result_set.h">
      <Filter>头文件</Filter>
    </ClInclude>
    <ClInclude Include="include\opencv\build\include\opencv2\flann\sampling.h">
      <Filter>头文件</Filter>
    </ClInclude>
    <ClInclude Include="include\opencv\build\include\opencv2\flann\saving.h">
      <Filter>头文件</Filter>
    </ClInclude>
    <ClInclude Include="include\opencv\build\include\opencv2\flann\simplex_downhill.h">
      <Filter>头文件</Filter>
    </ClInclude>
    <ClInclude Include="include\opencv\build\include\opencv2\flann\timer.h">
      <Filter>头文件</Filter>
    </ClInclude>
    <ClInclude Include="include\opencv\build\include\opencv2\highgui\highgui.hpp">
      <Filter>头文件</Filter>
    </ClInclude>
    <ClInclude Include="include\opencv\build\include\opencv2\highgui\highgui_c.h">
      <Filter>头文件</Filter>
    </ClInclude>
    <ClInclude Include="include\opencv\build\include\opencv2\imgcodecs\imgcodecs.hpp">
      <Filter>头文件</Filter>
    </ClInclude>
    <ClInclude Include="include\opencv\build\include\opencv2\imgcodecs\imgcodecs_c.h">
      <Filter>头文件</Filter>
    </ClInclude>
    <ClInclude Include="include\opencv\build\include\opencv2\imgcodecs\ios.h">
      <Filter>头文件</Filter>
    </ClInclude>
    <ClInclude Include="include\opencv\build\include\opencv2\imgproc\detail\distortion_model.hpp">
      <Filter>头文件</Filter>
    </ClInclude>
    <ClInclude Include="include\opencv\build\include\opencv2\imgproc\detail\gcgraph.hpp">
      <Filter>头文件</Filter>
    </ClInclude>
    <ClInclude Include="include\opencv\build\include\opencv2\imgproc\hal\hal.hpp">
      <Filter>头文件</Filter>
    </ClInclude>
    <ClInclude Include="include\opencv\build\include\opencv2\imgproc\hal\interface.h">
      <Filter>头文件</Filter>
    </ClInclude>
    <ClInclude Include="include\opencv\build\include\opencv2\imgproc\imgproc.hpp">
      <Filter>头文件</Filter>
    </ClInclude>
    <ClInclude Include="include\opencv\build\include\opencv2\imgproc\imgproc_c.h">
      <Filter>头文件</Filter>
    </ClInclude>
    <ClInclude Include="include\opencv\build\include\opencv2\imgproc\types_c.h">
      <Filter>头文件</Filter>
    </ClInclude>
    <ClInclude Include="include\opencv\build\include\opencv2\ml\ml.hpp">
      <Filter>头文件</Filter>
    </ClInclude>
    <ClInclude Include="include\opencv\build\include\opencv2\ml\ml.inl.hpp">
      <Filter>头文件</Filter>
    </ClInclude>
    <ClInclude Include="include\opencv\build\include\opencv2\objdetect\detection_based_tracker.hpp">
      <Filter>头文件</Filter>
    </ClInclude>
    <ClInclude Include="include\opencv\build\include\opencv2\objdetect\objdetect.hpp">
      <Filter>头文件</Filter>
    </ClInclude>
    <ClInclude Include="include\opencv\build\include\opencv2\objdetect\objdetect_c.h">
      <Filter>头文件</Filter>
    </ClInclude>
    <ClInclude Include="include\opencv\build\include\opencv2\photo\cuda.hpp">
      <Filter>头文件</Filter>
    </ClInclude>
    <ClInclude Include="include\opencv\build\include\opencv2\photo\photo.hpp">
      <Filter>头文件</Filter>
    </ClInclude>
    <ClInclude Include="include\opencv\build\include\opencv2\photo\photo_c.h">
      <Filter>头文件</Filter>
    </ClInclude>
    <ClInclude Include="include\opencv\build\include\opencv2\shape\emdL1.hpp">
      <Filter>头文件</Filter>
    </ClInclude>
    <ClInclude Include="include\opencv\build\include\opencv2\shape\hist_cost.hpp">
      <Filter>头文件</Filter>
    </ClInclude>
    <ClInclude Include="include\opencv\build\include\opencv2\shape\shape.hpp">
      <Filter>头文件</Filter>
    </ClInclude>
    <ClInclude Include="include\opencv\build\include\opencv2\shape\shape_distance.hpp">
      <Filter>头文件</Filter>
    </ClInclude>
    <ClInclude Include="include\opencv\build\include\opencv2\shape\shape_transformer.hpp">
      <Filter>头文件</Filter>
    </ClInclude>
    <ClInclude Include="include\opencv\build\include\opencv2\stitching\detail\autocalib.hpp">
      <Filter>头文件</Filter>
    </ClInclude>
    <ClInclude Include="include\opencv\build\include\opencv2\stitching\detail\blenders.hpp">
      <Filter>头文件</Filter>
    </ClInclude>
    <ClInclude Include="include\opencv\build\include\opencv2\stitching\detail\camera.hpp">
      <Filter>头文件</Filter>
    </ClInclude>
    <ClInclude Include="include\opencv\build\include\opencv2\stitching\detail\exposure_compensate.hpp">
      <Filter>头文件</Filter>
    </ClInclude>
    <ClInclude Include="include\opencv\build\include\opencv2\stitching\detail\matchers.hpp">
      <Filter>头文件</Filter>
    </ClInclude>
    <ClInclude Include="include\opencv\build\include\opencv2\stitching\detail\motion_estimators.hpp">
      <Filter>头文件</Filter>
    </ClInclude>
    <ClInclude Include="include\opencv\build\include\opencv2\stitching\detail\seam_finders.hpp">
      <Filter>头文件</Filter>
    </ClInclude>
    <ClInclude Include="include\opencv\build\include\opencv2\stitching\detail\timelapsers.hpp">
      <Filter>头文件</Filter>
    </ClInclude>
    <ClInclude Include="include\opencv\build\include\opencv2\stitching\detail\util.hpp">
      <Filter>头文件</Filter>
    </ClInclude>
    <ClInclude Include="include\opencv\build\include\opencv2\stitching\detail\util_inl.hpp">
      <Filter>头文件</Filter>
    </ClInclude>
    <ClInclude Include="include\opencv\build\include\opencv2\stitching\detail\warpers.hpp">
      <Filter>头文件</Filter>
    </ClInclude>
    <ClInclude Include="include\opencv\build\include\opencv2\stitching\detail\warpers_inl.hpp">
      <Filter>头文件</Filter>
    </ClInclude>
    <ClInclude Include="include\opencv\build\include\opencv2\stitching\warpers.hpp">
      <Filter>头文件</Filter>
    </ClInclude>
    <ClInclude Include="include\opencv\build\include\opencv2\superres\optical_flow.hpp">
      <Filter>头文件</Filter>
    </ClInclude>
    <ClInclude Include="include\opencv\build\include\opencv2\video\background_segm.hpp">
      <Filter>头文件</Filter>
    </ClInclude>
    <ClInclude Include="include\opencv\build\include\opencv2\video\tracking.hpp">
      <Filter>头文件</Filter>
    </ClInclude>
    <ClInclude Include="include\opencv\build\include\opencv2\video\tracking_c.h">
      <Filter>头文件</Filter>
    </ClInclude>
    <ClInclude Include="include\opencv\build\include\opencv2\video\video.hpp">
      <Filter>头文件</Filter>
    </ClInclude>
    <ClInclude Include="include\opencv\build\include\opencv2\videoio\cap_ios.h">
      <Filter>头文件</Filter>
    </ClInclude>
    <ClInclude Include="include\opencv\build\include\opencv2\videoio\registry.hpp">
      <Filter>头文件</Filter>
    </ClInclude>
    <ClInclude Include="include\opencv\build\include\opencv2\videoio\videoio.hpp">
      <Filter>头文件</Filter>
    </ClInclude>
    <ClInclude Include="include\opencv\build\include\opencv2\videoio\videoio_c.h">
      <Filter>头文件</Filter>
    </ClInclude>
    <ClInclude Include="include\opencv\build\include\opencv2\videostab\deblurring.hpp">
      <Filter>头文件</Filter>
    </ClInclude>
    <ClInclude Include="include\opencv\build\include\opencv2\videostab\fast_marching.hpp">
      <Filter>头文件</Filter>
    </ClInclude>
    <ClInclude Include="include\opencv\build\include\opencv2\videostab\fast_marching_inl.hpp">
      <Filter>头文件</Filter>
    </ClInclude>
    <ClInclude Include="include\opencv\build\include\opencv2\videostab\frame_source.hpp">
      <Filter>头文件</Filter>
    </ClInclude>
    <ClInclude Include="include\opencv\build\include\opencv2\videostab\global_motion.hpp">
      <Filter>头文件</Filter>
    </ClInclude>
    <ClInclude Include="include\opencv\build\include\opencv2\videostab\inpainting.hpp">
      <Filter>头文件</Filter>
    </ClInclude>
    <ClInclude Include="include\opencv\build\include\opencv2\videostab\log.hpp">
      <Filter>头文件</Filter>
    </ClInclude>
    <ClInclude Include="include\opencv\build\include\opencv2\videostab\motion_core.hpp">
      <Filter>头文件</Filter>
    </ClInclude>
    <ClInclude Include="include\opencv\build\include\opencv2\videostab\motion_stabilizing.hpp">
      <Filter>头文件</Filter>
    </ClInclude>
    <ClInclude Include="include\opencv\build\include\opencv2\videostab\optical_flow.hpp">
      <Filter>头文件</Filter>
    </ClInclude>
    <ClInclude Include="include\opencv\build\include\opencv2\videostab\outlier_rejection.hpp">
      <Filter>头文件</Filter>
    </ClInclude>
    <ClInclude Include="include\opencv\build\include\opencv2\videostab\ring_buffer.hpp">
      <Filter>头文件</Filter>
    </ClInclude>
    <ClInclude Include="include\opencv\build\include\opencv2\videostab\stabilizer.hpp">
      <Filter>头文件</Filter>
    </ClInclude>
    <ClInclude Include="include\opencv\build\include\opencv2\videostab\wobble_suppression.hpp">
      <Filter>头文件</Filter>
    </ClInclude>
    <ClInclude Include="include\opencv\build\include\opencv2\calib3d.hpp">
      <Filter>头文件</Filter>
    </ClInclude>
    <ClInclude Include="include\opencv\build\include\opencv2\core.hpp">
      <Filter>头文件</Filter>
    </ClInclude>
    <ClInclude Include="include\opencv\build\include\opencv2\cvconfig.h">
      <Filter>头文件</Filter>
    </ClInclude>
    <ClInclude Include="include\opencv\build\include\opencv2\dnn.hpp">
      <Filter>头文件</Filter>
    </ClInclude>
    <ClInclude Include="include\opencv\build\include\opencv2\features2d.hpp">
      <Filter>头文件</Filter>
    </ClInclude>
    <ClInclude Include="include\opencv\build\include\opencv2\flann.hpp">
      <Filter>头文件</Filter>
    </ClInclude>
    <ClInclude Include="include\opencv\build\include\opencv2\highgui.hpp">
      <Filter>头文件</Filter>
    </ClInclude>
    <ClInclude Include="include\opencv\build\include\opencv2\imgcodecs.hpp">
      <Filter>头文件</Filter>
    </ClInclude>
    <ClInclude Include="include\opencv\build\include\opencv2\imgproc.hpp">
      <Filter>头文件</Filter>
    </ClInclude>
    <ClInclude Include="include\opencv\build\include\opencv2\ml.hpp">
      <Filter>头文件</Filter>
    </ClInclude>
    <ClInclude Include="include\opencv\build\include\opencv2\objdetect.hpp">
      <Filter>头文件</Filter>
    </ClInclude>
    <ClInclude Include="include\opencv\build\include\opencv2\opencv.hpp">
      <Filter>头文件</Filter>
    </ClInclude>
    <ClInclude Include="include\opencv\build\include\opencv2\opencv_modules.hpp">
      <Filter>头文件</Filter>
    </ClInclude>
    <ClInclude Include="include\opencv\build\include\opencv2\photo.hpp">
      <Filter>头文件</Filter>
    </ClInclude>
    <ClInclude Include="include\opencv\build\include\opencv2\shape.hpp">
      <Filter>头文件</Filter>
    </ClInclude>
    <ClInclude Include="include\opencv\build\include\opencv2\stitching.hpp">
      <Filter>头文件</Filter>
    </ClInclude>
    <ClInclude Include="include\opencv\build\include\opencv2\superres.hpp">
      <Filter>头文件</Filter>
    </ClInclude>
    <ClInclude Include="include\opencv\build\include\opencv2\video.hpp">
      <Filter>头文件</Filter>
    </ClInclude>
    <ClInclude Include="include\opencv\build\include\opencv2\videoio.hpp">
      <Filter>头文件</Filter>
    </ClInclude>
    <ClInclude Include="include\opencv\build\include\opencv2\videostab.hpp">
      <Filter>头文件</Filter>
    </ClInclude>
    <ClInclude Include="include\opencv\build\include\opencv2\world.hpp">
      <Filter>头文件</Filter>
    </ClInclude>
    <ClInclude Include="src\opencv_include.hpp">
      <Filter>头文件</Filter>
    </ClInclude>
  </ItemGroup>
  <ItemGroup>
    <None Include="include\opencv\build\LICENSE" />
    <None Include="include\opencv\build\OpenCVConfig.cmake" />
    <None Include="include\opencv\build\OpenCVConfig-version.cmake" />
    <None Include="include\opencv\build\etc\licenses\ippicv-readme.htm" />
    <None Include="include\opencv\install\LICENSE" />
    <None Include="include\opencv\install\OpenCVConfig.cmake" />
    <None Include="include\opencv\install\OpenCVConfig-version.cmake" />
    <None Include="include\opencv\install\setup_vars_opencv4.cmd" />
  </ItemGroup>
  <ItemGroup>
    <Image Include="test\test.jpg">
      <Filter>资源文件</Filter>
    </Image>
  </ItemGroup>
</Project>